
Microsoft Visual Studio Solution File, Format Version 12.00
# Visual Studio 2012
Project("{FAE04EC0-301F-11D3-BF4B-00C04F79EFBC}") = "MemoBook", "MemoBook\MemoBook.csproj", "{01F6846A-868B-4A38-9573-3380BC8C0933}"
EndProject
Global
	GlobalSection(SolutionConfigurationPlatforms) = preSolution
		Debug|Any CPU = Debug|Any CPU
		Release|Any CPU = Release|Any CPU
	EndGlobalSection
	GlobalSection(ProjectConfigurationPlatforms) = postSolution
		{01F6846A-868B-4A38-9573-3380BC8C0933}.Debug|Any CPU.ActiveCfg = Debug|Any CPU
		{01F6846A-868B-4A38-9573-3380BC8C0933}.Debug|Any CPU.Build.0 = Debug|Any CPU
		{01F6846A-868B-4A38-9573-3380BC8C0933}.Release|Any CPU.ActiveCfg = Release|Any CPU
		{01F6846A-868B-4A38-9573-3380BC8C0933}.Release|Any CPU.Build.0 = Release|Any CPU
	EndGlobalSection
	GlobalSection(SolutionProperties) = preSolution
		HideSolutionNode = FALSE
	EndGlobalSection
EndGlobal
